{
  "requires": true,
  "lockfileVersion": 1,
  "dependencies": {
    "@fancyapps/ui": {
      "version": "4.0.5",
      "resolved": "https://registry.npmjs.org/@fancyapps/ui/-/ui-4.0.5.tgz",
      "integrity": "sha512-5PUem7WH2EAipXMFXyxf7gf7s8w8K6y1FK1h8AAIftYKIir2+FyZetvpvFhP9hMX3fe8DgPCb2xt6Kjjxfj0uA=="
    }
  }
}
